
Microsoft Visual Studio Solution File, Format Version 11.00
# Visual Studio 2010
Project("{FAE04EC0-301F-11D3-BF4B-00C04F79EFBC}") = "OkHttp", "OkHttp\OkHttp.csproj", "{133270E5-3A11-4A4A-A4AD-1D89FC9DBAAF}"
EndProject
Global
	GlobalSection(SolutionConfigurationPlatforms) = preSolution
		Debug|Any CPU = Debug|Any CPU
		Release|Any CPU = Release|Any CPU
	EndGlobalSection
	GlobalSection(ProjectConfigurationPlatforms) = postSolution
		{133270E5-3A11-4A4A-A4AD-1D89FC9DBAAF}.Debug|Any CPU.ActiveCfg = Debug|Any CPU
		{133270E5-3A11-4A4A-A4AD-1D89FC9DBAAF}.Debug|Any CPU.Build.0 = Debug|Any CPU
		{133270E5-3A11-4A4A-A4AD-1D89FC9DBAAF}.Release|Any CPU.ActiveCfg = Release|Any CPU
		{133270E5-3A11-4A4A-A4AD-1D89FC9DBAAF}.Release|Any CPU.Build.0 = Release|Any CPU
	EndGlobalSection
	GlobalSection(MonoDevelopProperties) = preSolution
		StartupItem = OkHttp\OkHttp.csproj
	EndGlobalSection
EndGlobal
